
Microsoft Visual Studio Solution File, Format Version 12.00
# Visual Studio Version 17
VisualStudioVersion = 17.13.35806.99 d17.13
MinimumVisualStudioVersion = 10.0.40219.1
Project("{FAE04EC0-301F-11D3-BF4B-00C04F79EFBC}") = "Checkers", "Checkers\Checkers.csproj", "{0BDF3166-B839-4A77-A1F2-0D3AF448FA80}"
EndProject
Global
	GlobalSection(SolutionConfigurationPlatforms) = preSolution
		Debug|Any CPU = Debug|Any CPU
		Release|Any CPU = Release|Any CPU
	EndGlobalSection
	GlobalSection(ProjectConfigurationPlatforms) = postSolution
		{0BDF3166-B839-4A77-A1F2-0D3AF448FA80}.Debug|Any CPU.ActiveCfg = Debug|Any CPU
		{0BDF3166-B839-4A77-A1F2-0D3AF448FA80}.Debug|Any CPU.Build.0 = Debug|Any CPU
		{0BDF3166-B839-4A77-A1F2-0D3AF448FA80}.Release|Any CPU.ActiveCfg = Release|Any CPU
		{0BDF3166-B839-4A77-A1F2-0D3AF448FA80}.Release|Any CPU.Build.0 = Release|Any CPU
	EndGlobalSection
	GlobalSection(SolutionProperties) = preSolution
		HideSolutionNode = FALSE
	EndGlobalSection
	GlobalSection(ExtensibilityGlobals) = postSolution
		SolutionGuid = {8260E385-B991-4BEA-A6AE-33217CE43079}
	EndGlobalSection
EndGlobal
